
Microsoft Visual Studio Solution File, Format Version 12.00
# Visual Studio Version 16
VisualStudioVersion = 16.0.29709.97
MinimumVisualStudioVersion = 10.0.40219.1
Project("{FAE04EC0-301F-11D3-BF4B-00C04F79EFBC}") = "ControllerPracticeApp", "ControllerPracticeApp\ControllerPracticeApp.csproj", "{8A70E105-3E49-4ED1-84CF-193AC506F6A4}"
EndProject
Global
	GlobalSection(SolutionConfigurationPlatforms) = preSolution
		Debug|Any CPU = Debug|Any CPU
		Release|Any CPU = Release|Any CPU
	EndGlobalSection
	GlobalSection(ProjectConfigurationPlatforms) = postSolution
		{8A70E105-3E49-4ED1-84CF-193AC506F6A4}.Debug|Any CPU.ActiveCfg = Debug|Any CPU
		{8A70E105-3E49-4ED1-84CF-193AC506F6A4}.Debug|Any CPU.Build.0 = Debug|Any CPU
		{8A70E105-3E49-4ED1-84CF-193AC506F6A4}.Release|Any CPU.ActiveCfg = Release|Any CPU
		{8A70E105-3E49-4ED1-84CF-193AC506F6A4}.Release|Any CPU.Build.0 = Release|Any CPU
	EndGlobalSection
	GlobalSection(SolutionProperties) = preSolution
		HideSolutionNode = FALSE
	EndGlobalSection
	GlobalSection(ExtensibilityGlobals) = postSolution
		SolutionGuid = {E916E001-C53A-4356-B2DC-EB7C89C6C521}
	EndGlobalSection
EndGlobal
